github.com/gdamore/encoding v1.0.0 h1:+7OoQ1Bc6eTm5niUzBa0Ctsh6JbMW6Ra+YNuAtDBdko=
github.com/gdamore/encoding v1.0.0/go.mod h1:alR0ol34c49FCSBLjhosxzcPHQbf2trDkoo5dl+VrEg=
github.com/gdamore/tcell/v2 v2.5.3 h1:b9XQrT6QGbgI7JvZOJXFNczOQeIYbo8BfeSMzt2sAV0=
github.com/gdamore/tcell/v2 v2.5.3/go.mod h1:wSkrPaXoiIWZqW/g7Px4xc79di6FTcpB8tvaKJ6uGBo=
github.com/google/go-cmp v0.5.8 h1:e6P7q2lk1O+qJJb4BtCQXlK8vWEO8V1ZeuEdJNOqZyg=
github.com/google/go-cmp v0.5.8/go.mod h1:17dUlkBOakJ0+DkrSSNjCkIjxS6bF9zb3elmeNGIjoY=
github.com/lucasb-eyer/go-colorful v1.2.0 h1:1nnpGOrhyZZuNyfu1QjKiUICQ74+3FNCN69Aj6K7nkY=
github.com/lucasb-eyer/go-colorful v1.2.0/go.mod h1:R4dSotOR9KMtayYi1e77YzuveK+i7ruzyGqttikkLy0=
github.com/mattn/go-runewidth v0.0.13 h1:lTGmDsbAYt5DmK6OnoV7EuIF1wEIFAcxld6ypU4OSgU=
github.com/mattn/go-runewidth v0.0.13/go.mod h1:Jdepj2loyihRzMpdS35Xk/zdY8IAYHsh153qUoGf23w=
github.com/rivo/uniseg v0.2.0/go.mod h1:J6wj4VEh+S6ZtnVlnTBMWIodfgj8LQOQFoIToxlJtxc=
github.com/rivo/uniseg v0.3.4 h1:3Z3Eu6FGHZWSfNKJTOUiPatWwfc7DzJRU04jFUqJODw=
github.com/rivo/uniseg v0.3.4/go.mod h1:FN3SvrM+Zdj16jyLfmOkMNblXMcoc8DfTHruCPUcx88=
github.com/slukits/ints v0.0.0-20220826183122-e053a3960a38 h1:I2dwzvVCpQzn6QEQjh0SrFCBzc2cfz4B3a7VRvYDHBQ=
github.com/slukits/ints v0.0.0-20220826183122-e053a3960a38/go.mod h1:9WN1RmSgcZ7Y+fAPXXxCiKqg82coCP6maRjIYTylF74=
github.com/slukits/lines v0.0.0-20220829053403-7677ef38326e h1:/tqucxk6/INtGYWADv8N1nfL17sGjhn8zZZfhaic1zk=
github.com/slukits/lines v0.0.0-20220829053403-7677ef38326e/go.mod h1:Qt8MgDZwnPcjbBZ5NwHo97TF/S10WiwBXk4YzVO7jqs=
github.com/slukits/lines v0.0.0-20220829074827-d446f92d0c1f h1:+2s/UV1O8hxzHCq4YVcAoHMrESVX+KPzmL9IMARk44E=
github.com/slukits/lines v0.0.0-20220829074827-d446f92d0c1f/go.mod h1:Qt8MgDZwnPcjbBZ5NwHo97TF/S10WiwBXk4YzVO7jqs=
github.com/slukits/lines v0.0.0-20220904101338-4dd2d0dad2f0 h1:D5OgZc9tFkOBMiM7MlG1A98CeBHn1V7ENH5M8DPRH3w=
github.com/slukits/lines v0.0.0-20220904101338-4dd2d0dad2f0/go.mod h1:Qt8MgDZwnPcjbBZ5NwHo97TF/S10WiwBXk4YzVO7jqs=
github.com/slukits/lines v0.0.0-20220904120054-9f62f0dacc0c h1:cgQkEkdO+XuSSARgZwdr+cfApLscA5VI198A2mM8r6Y=
github.com/slukits/lines v0.0.0-20220904120054-9f62f0dacc0c/go.mod h1:Qt8MgDZwnPcjbBZ5NwHo97TF/S10WiwBXk4YzVO7jqs=
github.com/slukits/lines v0.0.0-20220904204315-b7c5de833568 h1:tW9a8SkTKbfYhr9udQZHHhEq5mB48iTNduSmL8Fzxdo=
github.com/slukits/lines v0.0.0-20220904204315-b7c5de833568/go.mod h1:Qt8MgDZwnPcjbBZ5NwHo97TF/S10WiwBXk4YzVO7jqs=
github.com/slukits/lines v0.0.0-20220905061213-8ec72b49eeb6 h1:uIGU28Wjd7RDkpGqw0AO9S48l2aDpPRDzC2tPxrz1Ts=
github.com/slukits/lines v0.0.0-20220905061213-8ec72b49eeb6/go.mod h1:Qt8MgDZwnPcjbBZ5NwHo97TF/S10WiwBXk4YzVO7jqs=
github.com/slukits/lines v0.0.0-20220905061506-04067217bf30 h1:A1qU/b7+poLgY7Nrvd3fduTIQLBpRiaansmInv1Qjs0=
github.com/slukits/lines v0.0.0-20220905061506-04067217bf30/go.mod h1:Qt8MgDZwnPcjbBZ5NwHo97TF/S10WiwBXk4YzVO7jqs=
github.com/slukits/lines v0.0.0-20220905063939-9b274d812b96 h1:tggPsEFHDm4z0cGpjrkPoBN3VvVK28vUh8U1bOBjt90=
github.com/slukits/lines v0.0.0-20220905063939-9b274d812b96/go.mod h1:Qt8MgDZwnPcjbBZ5NwHo97TF/S10WiwBXk4YzVO7jqs=
github.com/slukits/lines v0.0.0-20220905110025-5090323561c7 h1:me6jUPixkEjcWczJo9MSfbdRt4g7Fr7ys1ajxRmErDg=
github.com/slukits/lines v0.0.0-20220905110025-5090323561c7/go.mod h1:Qt8MgDZwnPcjbBZ5NwHo97TF/S10WiwBXk4YzVO7jqs=
github.com/slukits/lines v0.0.0-20220905113232-5b6ef6421398 h1:OIcK6DxHwNM9cAXEJ7rpBxYFlvzamvSKLw1HzAhDaNk=
github.com/slukits/lines v0.0.0-20220905113232-5b6ef6421398/go.mod h1:Qt8MgDZwnPcjbBZ5NwHo97TF/S10WiwBXk4YzVO7jqs=
github.com/slukits/lines v0.0.0-20220905134053-def05cddb6a4 h1:mh54nyLhkXu+7C1eIQ9Jr8sSqQBmqpDDJbRuVWxPbPo=
github.com/slukits/lines v0.0.0-20220905134053-def05cddb6a4/go.mod h1:Qt8MgDZwnPcjbBZ5NwHo97TF/S10WiwBXk4YzVO7jqs=
github.com/slukits/lines v0.0.0-20220905151012-f1430cef21ec h1:tNJFdjgsRDpRhLo+SDM/hvvSBr2iV3aC2mo1Ne/ws0s=
github.com/slukits/lines v0.0.0-20220905151012-f1430cef21ec/go.mod h1:Qt8MgDZwnPcjbBZ5NwHo97TF/S10WiwBXk4YzVO7jqs=
github.com/slukits/lines v0.0.0-20220905173019-33174d225fe8 h1:/OOVBEs1b7EijjUezSv2VqkmGXxb+1pvih2Md9fl0y4=
github.com/slukits/lines v0.0.0-20220905173019-33174d225fe8/go.mod h1:Qt8MgDZwnPcjbBZ5NwHo97TF/S10WiwBXk4YzVO7jqs=
github.com/slukits/lines v0.0.0-20220906073417-f15e4377f38c h1:lm18ZwPNz9cWzK5bPWOeo76gm7pi08I9VcHO80giSJg=
github.com/slukits/lines v0.0.0-20220906073417-f15e4377f38c/go.mod h1:Qt8MgDZwnPcjbBZ5NwHo97TF/S10WiwBXk4YzVO7jqs=
github.com/slukits/lines v0.0.0-20220907082948-fe1593a1f93a h1:NReISfsosHHRGHg2XOn9xQrZTYDJXN9+E/GTZpLjC84=
github.com/slukits/lines v0.0.0-20220907082948-fe1593a1f93a/go.mod h1:Qt8MgDZwnPcjbBZ5NwHo97TF/S10WiwBXk4YzVO7jqs=
golang.org/x/sys v0.0.0-20201119102817-f84b799fce68/go.mod h1:h1NjWce9XRLGQEsW7wpKNCjG9DtNlClVuFLEZdDNbEs=
golang.org/x/sys v0.0.0-20220318055525-2edf467146b5/go.mod h1:oPkhp1MJrh7nUepCBck5+mAzfO9JrbApNNgaTdGDITg=
golang.org/x/sys v0.0.0-20220825204002-c680a09ffe64 h1:UiNENfZ8gDvpiWw7IpOMQ27spWmThO1RwwdQVbJahJM=
golang.org/x/sys v0.0.0-20220825204002-c680a09ffe64/go.mod h1:oPkhp1MJrh7nUepCBck5+mAzfO9JrbApNNgaTdGDITg=
golang.org/x/sys v0.0.0-20220829200755-d48e67d00261 h1:v6hYoSR9T5oet+pMXwUWkbiVqx/63mlHjefrHmxwfeY=
golang.org/x/sys v0.0.0-20220829200755-d48e67d00261/go.mod h1:oPkhp1MJrh7nUepCBck5+mAzfO9JrbApNNgaTdGDITg=
golang.org/x/sys v0.0.0-20220907062415-87db552b00fd h1:AZeIEzg+8RCELJYq8w+ODLVxFgLMMigSwO/ffKPEd9U=
golang.org/x/sys v0.0.0-20220907062415-87db552b00fd/go.mod h1:oPkhp1MJrh7nUepCBck5+mAzfO9JrbApNNgaTdGDITg=
golang.org/x/term v0.0.0-20201210144234-2321bbc49cbf/go.mod h1:bj7SfCRtBDWHUb9snDiAeCFNEtKQo2Wmx5Cou7ajbmo=
golang.org/x/term v0.0.0-20220722155259-a9ba230a4035 h1:Q5284mrmYTpACcm+eAKjKJH48BBwSyfJqmmGDTtT8Vc=
golang.org/x/term v0.0.0-20220722155259-a9ba230a4035/go.mod h1:jbD1KX2456YbFQfuXm/mYQcufACuNUgVhRMnK/tPxf8=
golang.org/x/text v0.3.0/go.mod h1:NqM8EUOU14njkJ3fqMW+pc6Ldnwhi/IjpwHt7yyuwOQ=
golang.org/x/text v0.3.7 h1:olpwvP2KacW1ZWvsR7uQhoyTYvKAupfQrRGBFM352Gk=
golang.org/x/text v0.3.7/go.mod h1:u+2+/6zg+i71rQMx5EYifcz6MCKuco9NR6JIITiCfzQ=
golang.org/x/tools v0.0.0-20180917221912-90fa682c2a6e/go.mod h1:n7NCudcB/nEzxVGmLbDWY5pfWTLqBcC2KZ6jyYvM4mQ=
